{
  "version": 4,
  "terraform_version": "1.8.4",
  "serial": 56,
  "lineage": "265f09be-54ab-5a0e-5a4c-08c78f02dede",
  "outputs": {
    "vm_db_info": {
      "value": {
        "external_ip": "89.169.161.65",
        "fqdn": "epdjsthugla2d49b068r.auto.internal",
        "instance_name": "terraform-database"
      },
      "type": [
        "object",
        {
          "external_ip": "string",
          "fqdn": "string",
          "instance_name": "string"
        }
      ]
    },
    "vm_web_info": {
      "value": {
        "external_ip": "89.169.148.241",
        "fqdn": "fhmjc4herfv6jit6tsen.auto.internal",
        "instance_name": "terraform-web"
      },
      "type": [
        "object",
        {
          "external_ip": "string",
          "fqdn": "string",
          "instance_name": "string"
        }
      ]
    }
  },
  "resources": [
    {
      "mode": "data",
      "type": "yandex_compute_image",
      "name": "ubuntu",
      "provider": "provider[\"registry.terraform.io/yandex-cloud/yandex\"]",
      "instances": [
        {
          "schema_version": 0,
          "attributes": {
            "created_at": "2024-08-12T10:58:47Z",
            "description": "ubuntu 20.04 lts",
            "family": "ubuntu-2004-lts",
            "folder_id": "standard-images",
            "id": "fd805qs1mn3n0casp7lt",
            "image_id": "fd805qs1mn3n0casp7lt",
            "labels": {},
            "min_disk_size": 5,
            "name": "ubuntu-20-04-lts-v20240812",
            "os_type": "linux",
            "pooled": true,
            "product_ids": [
              "f2e8qm5m9f2r65am86s5"
            ],
            "size": 4,
            "status": "ready"
          },
          "sensitive_attributes": []
        }
      ]
    },
    {
      "mode": "data",
      "type": "yandex_compute_image",
      "name": "ubuntu2",
      "provider": "provider[\"registry.terraform.io/yandex-cloud/yandex\"]",
      "instances": [
        {
          "schema_version": 0,
          "attributes": {
            "created_at": "2024-08-12T10:58:47Z",
            "description": "ubuntu 20.04 lts",
            "family": "ubuntu-2004-lts",
            "folder_id": "standard-images",
            "id": "fd805qs1mn3n0casp7lt",
            "image_id": "fd805qs1mn3n0casp7lt",
            "labels": {},
            "min_disk_size": 5,
            "name": "ubuntu-20-04-lts-v20240812",
            "os_type": "linux",
            "pooled": true,
            "product_ids": [
              "f2e8qm5m9f2r65am86s5"
            ],
            "size": 4,
            "status": "ready"
          },
          "sensitive_attributes": []
        }
      ]
    },
    {
      "mode": "managed",
      "type": "yandex_compute_instance",
      "name": "platform",
      "provider": "provider[\"registry.terraform.io/yandex-cloud/yandex\"]",
      "instances": [
        {
          "schema_version": 1,
          "attributes": {
            "allow_recreate": null,
            "allow_stopping_for_update": null,
            "boot_disk": [
              {
                "auto_delete": true,
                "device_name": "fhmv8ghiil2hlpn9a3gq",
                "disk_id": "fhmv8ghiil2hlpn9a3gq",
                "initialize_params": [
                  {
                    "block_size": 4096,
                    "description": "",
                    "image_id": "fd805qs1mn3n0casp7lt",
                    "name": "",
                    "size": 5,
                    "snapshot_id": "",
                    "type": "network-hdd"
                  }
                ],
                "mode": "READ_WRITE"
              }
            ],
            "created_at": "2024-08-15T11:12:16Z",
            "description": "",
            "filesystem": [],
            "folder_id": "b1gg8ip2ck0ivpgo1nr6",
            "fqdn": "fhmjc4herfv6jit6tsen.auto.internal",
            "gpu_cluster_id": "",
            "hostname": "",
            "id": "fhmjc4herfv6jit6tsen",
            "labels": {},
            "local_disk": [],
            "maintenance_grace_period": "",
            "maintenance_policy": null,
            "metadata": {
              "serial-port-enable": "1",
              "ssh-keys": "ubuntu:ssh-ed25519 AAAAC3NzaC1lZDI1NTE5AAAAIGtGgCucF4rB9fJftdS3o6muoClGVjxpTDxhoY3AEkCI root@terraform"
            },
            "metadata_options": [
              {
                "aws_v1_http_endpoint": 1,
                "aws_v1_http_token": 2,
                "gce_http_endpoint": 1,
                "gce_http_token": 1
              }
            ],
            "name": "terraform-web",
            "network_acceleration_type": "standard",
            "network_interface": [
              {
                "dns_record": [],
                "index": 0,
                "ip_address": "10.0.1.11",
                "ipv4": true,
                "ipv6": false,
                "ipv6_address": "",
                "ipv6_dns_record": [],
                "mac_address": "d0:0d:13:61:22:ed",
                "nat": true,
                "nat_dns_record": [],
                "nat_ip_address": "89.169.148.241",
                "nat_ip_version": "IPV4",
                "security_group_ids": [],
                "subnet_id": "e9bmetntkvu0jmbsjf48"
              }
            ],
            "placement_policy": [
              {
                "host_affinity_rules": [],
                "placement_group_id": "",
                "placement_group_partition": 0
              }
            ],
            "platform_id": "standard-v1",
            "resources": [
              {
                "core_fraction": 5,
                "cores": 2,
                "gpus": 0,
                "memory": 1
              }
            ],
            "scheduling_policy": [
              {
                "preemptible": true
              }
            ],
            "secondary_disk": [],
            "service_account_id": "",
            "status": "running",
            "timeouts": null,
            "zone": "ru-central1-a"
          },
          "sensitive_attributes": [],
          "private": "eyJlMmJmYjczMC1lY2FhLTExZTYtOGY4OC0zNDM2M2JjN2M0YzAiOnsiY3JlYXRlIjozMDAwMDAwMDAwMDAsImRlbGV0ZSI6MzAwMDAwMDAwMDAwLCJ1cGRhdGUiOjMwMDAwMDAwMDAwMH0sInNjaGVtYV92ZXJzaW9uIjoiMSJ9",
          "dependencies": [
            "data.yandex_compute_image.ubuntu",
            "yandex_vpc_network.develop",
            "yandex_vpc_subnet.develop"
          ]
        }
      ]
    },
    {
      "mode": "managed",
      "type": "yandex_compute_instance",
      "name": "platform_db",
      "provider": "provider[\"registry.terraform.io/yandex-cloud/yandex\"]",
      "instances": [
        {
          "schema_version": 1,
          "attributes": {
            "allow_recreate": null,
            "allow_stopping_for_update": null,
            "boot_disk": [
              {
                "auto_delete": true,
                "device_name": "epd5tgcinfio3kmiigra",
                "disk_id": "epd5tgcinfio3kmiigra",
                "initialize_params": [
                  {
                    "block_size": 4096,
                    "description": "",
                    "image_id": "fd805qs1mn3n0casp7lt",
                    "name": "",
                    "size": 5,
                    "snapshot_id": "",
                    "type": "network-hdd"
                  }
                ],
                "mode": "READ_WRITE"
              }
            ],
            "created_at": "2024-08-15T13:39:45Z",
            "description": "",
            "filesystem": [],
            "folder_id": "b1gg8ip2ck0ivpgo1nr6",
            "fqdn": "epdjsthugla2d49b068r.auto.internal",
            "gpu_cluster_id": "",
            "hostname": "",
            "id": "epdjsthugla2d49b068r",
            "labels": {},
            "local_disk": [],
            "maintenance_grace_period": "",
            "maintenance_policy": null,
            "metadata": {
              "serial-port-enable": "1",
              "ssh-keys": "ubuntu:ssh-ed25519 AAAAC3NzaC1lZDI1NTE5AAAAIGtGgCucF4rB9fJftdS3o6muoClGVjxpTDxhoY3AEkCI root@terraform"
            },
            "metadata_options": [
              {
                "aws_v1_http_endpoint": 1,
                "aws_v1_http_token": 2,
                "gce_http_endpoint": 1,
                "gce_http_token": 1
              }
            ],
            "name": "terraform-database",
            "network_acceleration_type": "standard",
            "network_interface": [
              {
                "dns_record": [],
                "index": 0,
                "ip_address": "10.0.2.21",
                "ipv4": true,
                "ipv6": false,
                "ipv6_address": "",
                "ipv6_dns_record": [],
                "mac_address": "d0:0d:13:e7:63:e8",
                "nat": true,
                "nat_dns_record": [],
                "nat_ip_address": "89.169.161.65",
                "nat_ip_version": "IPV4",
                "security_group_ids": [],
                "subnet_id": "e2lthn9nlaoiv3atts0g"
              }
            ],
            "placement_policy": [
              {
                "host_affinity_rules": [],
                "placement_group_id": "",
                "placement_group_partition": 0
              }
            ],
            "platform_id": "standard-v1",
            "resources": [
              {
                "core_fraction": 20,
                "cores": 2,
                "gpus": 0,
                "memory": 2
              }
            ],
            "scheduling_policy": [
              {
                "preemptible": true
              }
            ],
            "secondary_disk": [],
            "service_account_id": "",
            "status": "running",
            "timeouts": null,
            "zone": "ru-central1-b"
          },
          "sensitive_attributes": [],
          "private": "eyJlMmJmYjczMC1lY2FhLTExZTYtOGY4OC0zNDM2M2JjN2M0YzAiOnsiY3JlYXRlIjozMDAwMDAwMDAwMDAsImRlbGV0ZSI6MzAwMDAwMDAwMDAwLCJ1cGRhdGUiOjMwMDAwMDAwMDAwMH0sInNjaGVtYV92ZXJzaW9uIjoiMSJ9",
          "dependencies": [
            "data.yandex_compute_image.ubuntu",
            "yandex_vpc_network.develop",
            "yandex_vpc_subnet.develop_b"
          ]
        }
      ]
    },
    {
      "mode": "managed",
      "type": "yandex_vpc_network",
      "name": "develop",
      "provider": "provider[\"registry.terraform.io/yandex-cloud/yandex\"]",
      "instances": [
        {
          "schema_version": 0,
          "attributes": {
            "created_at": "2024-08-15T11:12:13Z",
            "default_security_group_id": "enpmcgnuviqiodrdchuf",
            "description": "",
            "folder_id": "b1gg8ip2ck0ivpgo1nr6",
            "id": "enpumbe1dnqfsnf08h39",
            "labels": {},
            "name": "develop",
            "subnet_ids": [
              "e2lthn9nlaoiv3atts0g",
              "e9bmetntkvu0jmbsjf48"
            ],
            "timeouts": null
          },
          "sensitive_attributes": [],
          "private": "eyJlMmJmYjczMC1lY2FhLTExZTYtOGY4OC0zNDM2M2JjN2M0YzAiOnsiY3JlYXRlIjo2MDAwMDAwMDAwMCwiZGVsZXRlIjo2MDAwMDAwMDAwMCwidXBkYXRlIjo2MDAwMDAwMDAwMH19"
        }
      ]
    },
    {
      "mode": "managed",
      "type": "yandex_vpc_subnet",
      "name": "develop",
      "provider": "provider[\"registry.terraform.io/yandex-cloud/yandex\"]",
      "instances": [
        {
          "schema_version": 0,
          "attributes": {
            "created_at": "2024-08-15T11:12:16Z",
            "description": "",
            "dhcp_options": [],
            "folder_id": "b1gg8ip2ck0ivpgo1nr6",
            "id": "e9bmetntkvu0jmbsjf48",
            "labels": {},
            "name": "develop",
            "network_id": "enpumbe1dnqfsnf08h39",
            "route_table_id": "",
            "timeouts": null,
            "v4_cidr_blocks": [
              "10.0.1.0/24"
            ],
            "v6_cidr_blocks": [],
            "zone": "ru-central1-a"
          },
          "sensitive_attributes": [],
          "private": "eyJlMmJmYjczMC1lY2FhLTExZTYtOGY4OC0zNDM2M2JjN2M0YzAiOnsiY3JlYXRlIjoxODAwMDAwMDAwMDAsImRlbGV0ZSI6MTgwMDAwMDAwMDAwLCJ1cGRhdGUiOjE4MDAwMDAwMDAwMH19",
          "dependencies": [
            "yandex_vpc_network.develop"
          ]
        }
      ]
    },
    {
      "mode": "managed",
      "type": "yandex_vpc_subnet",
      "name": "develop_b",
      "provider": "provider[\"registry.terraform.io/yandex-cloud/yandex\"]",
      "instances": [
        {
          "schema_version": 0,
          "attributes": {
            "created_at": "2024-08-15T13:39:44Z",
            "description": "",
            "dhcp_options": [],
            "folder_id": "b1gg8ip2ck0ivpgo1nr6",
            "id": "e2lthn9nlaoiv3atts0g",
            "labels": {},
            "name": "develop-b",
            "network_id": "enpumbe1dnqfsnf08h39",
            "route_table_id": "",
            "timeouts": null,
            "v4_cidr_blocks": [
              "10.0.2.0/24"
            ],
            "v6_cidr_blocks": [],
            "zone": "ru-central1-b"
          },
          "sensitive_attributes": [],
          "private": "eyJlMmJmYjczMC1lY2FhLTExZTYtOGY4OC0zNDM2M2JjN2M0YzAiOnsiY3JlYXRlIjoxODAwMDAwMDAwMDAsImRlbGV0ZSI6MTgwMDAwMDAwMDAwLCJ1cGRhdGUiOjE4MDAwMDAwMDAwMH19",
          "dependencies": [
            "yandex_vpc_network.develop"
          ]
        }
      ]
    }
  ],
  "check_results": null
}
